
Microsoft Visual Studio Solution File, Format Version 12.00
# Visual Studio Version 16
VisualStudioVersion = 16.0.31019.35
MinimumVisualStudioVersion = 10.0.40219.1
Project("{9A19103F-16F7-4668-BE54-9A1E7A4F7556}") = "Ofx.Battleship.Api", "Ofx.Battleship.Api\Ofx.Battleship.Api.csproj", "{C0198BF8-F02D-4DE2-BF6A-C130552D75C7}"
EndProject
Project("{2150E333-8FDC-42A3-9474-1A3956D46DE8}") = "Adapters", "Adapters", "{2B14D8C2-4E01-4598-BA8F-AD40D4BE8875}"
EndProject
Project("{9A19103F-16F7-4668-BE54-9A1E7A4F7556}") = "Ofx.Battleship.Controller", "Ofx.Battleship.Controller\Ofx.Battleship.Controller.csproj", "{D89C6517-0CF7-4615-ABE0-8AD9B23632D9}"
EndProject
Project("{2150E333-8FDC-42A3-9474-1A3956D46DE8}") = "Solution", "Solution", "{94441AA1-FEA0-4E52-AC69-4910AED54B09}"
	ProjectSection(SolutionItems) = preProject
		Directory.Build.targets = Directory.Build.targets
		Packages.targets = Packages.targets
		README.md = README.md
	EndProjectSection
EndProject
Project("{9A19103F-16F7-4668-BE54-9A1E7A4F7556}") = "Ofx.Battleship.Common", "Ofx.Battleship.Common\Ofx.Battleship.Common.csproj", "{AF212601-C84D-4A6A-A4CB-59D373B5F261}"
EndProject
Project("{2150E333-8FDC-42A3-9474-1A3956D46DE8}") = "Common", "Common", "{7E7D83BC-80A4-4E18-BB8A-8751C4963DDF}"
EndProject
Project("{9A19103F-16F7-4668-BE54-9A1E7A4F7556}") = "Ofx.Battleship.Contract", "Ofx.Battleship.Contract\Ofx.Battleship.Contract.csproj", "{D61EF23F-C459-47CD-AF78-8896929F80A4}"
EndProject
Project("{9A19103F-16F7-4668-BE54-9A1E7A4F7556}") = "Ofx.Battleship.Domain", "Ofx.Battleship.Domain\Ofx.Battleship.Domain.csproj", "{C47F5C75-8F22-456D-A67C-27C37B3B75A2}"
EndProject
Project("{9A19103F-16F7-4668-BE54-9A1E7A4F7556}") = "Ofx.Battleship.Application", "Ofx.Battleship.Application\Ofx.Battleship.Application.csproj", "{9FA0E9CD-76B3-472B-AEED-E27C7282E258}"
EndProject
Project("{2150E333-8FDC-42A3-9474-1A3956D46DE8}") = "Tests", "Tests", "{892A2301-B52C-4DF4-AAFE-000CCAE08E24}"
EndProject
Project("{9A19103F-16F7-4668-BE54-9A1E7A4F7556}") = "Ofx.Battleship.Domain.Test", "Ofx.Battleship.Domain.Test\Ofx.Battleship.Domain.Test.csproj", "{65F69E36-9A88-46E7-A140-953D2AD8E3EC}"
EndProject
Global
	GlobalSection(SolutionConfigurationPlatforms) = preSolution
		Debug|Any CPU = Debug|Any CPU
		Release|Any CPU = Release|Any CPU
	EndGlobalSection
	GlobalSection(ProjectConfigurationPlatforms) = postSolution
		{C0198BF8-F02D-4DE2-BF6A-C130552D75C7}.Debug|Any CPU.ActiveCfg = Debug|Any CPU
		{C0198BF8-F02D-4DE2-BF6A-C130552D75C7}.Debug|Any CPU.Build.0 = Debug|Any CPU
		{C0198BF8-F02D-4DE2-BF6A-C130552D75C7}.Release|Any CPU.ActiveCfg = Release|Any CPU
		{C0198BF8-F02D-4DE2-BF6A-C130552D75C7}.Release|Any CPU.Build.0 = Release|Any CPU
		{D89C6517-0CF7-4615-ABE0-8AD9B23632D9}.Debug|Any CPU.ActiveCfg = Debug|Any CPU
		{D89C6517-0CF7-4615-ABE0-8AD9B23632D9}.Debug|Any CPU.Build.0 = Debug|Any CPU
		{D89C6517-0CF7-4615-ABE0-8AD9B23632D9}.Release|Any CPU.ActiveCfg = Release|Any CPU
		{D89C6517-0CF7-4615-ABE0-8AD9B23632D9}.Release|Any CPU.Build.0 = Release|Any CPU
		{AF212601-C84D-4A6A-A4CB-59D373B5F261}.Debug|Any CPU.ActiveCfg = Debug|Any CPU
		{AF212601-C84D-4A6A-A4CB-59D373B5F261}.Debug|Any CPU.Build.0 = Debug|Any CPU
		{AF212601-C84D-4A6A-A4CB-59D373B5F261}.Release|Any CPU.ActiveCfg = Release|Any CPU
		{AF212601-C84D-4A6A-A4CB-59D373B5F261}.Release|Any CPU.Build.0 = Release|Any CPU
		{D61EF23F-C459-47CD-AF78-8896929F80A4}.Debug|Any CPU.ActiveCfg = Debug|Any CPU
		{D61EF23F-C459-47CD-AF78-8896929F80A4}.Debug|Any CPU.Build.0 = Debug|Any CPU
		{D61EF23F-C459-47CD-AF78-8896929F80A4}.Release|Any CPU.ActiveCfg = Release|Any CPU
		{D61EF23F-C459-47CD-AF78-8896929F80A4}.Release|Any CPU.Build.0 = Release|Any CPU
		{C47F5C75-8F22-456D-A67C-27C37B3B75A2}.Debug|Any CPU.ActiveCfg = Debug|Any CPU
		{C47F5C75-8F22-456D-A67C-27C37B3B75A2}.Debug|Any CPU.Build.0 = Debug|Any CPU
		{C47F5C75-8F22-456D-A67C-27C37B3B75A2}.Release|Any CPU.ActiveCfg = Release|Any CPU
		{C47F5C75-8F22-456D-A67C-27C37B3B75A2}.Release|Any CPU.Build.0 = Release|Any CPU
		{9FA0E9CD-76B3-472B-AEED-E27C7282E258}.Debug|Any CPU.ActiveCfg = Debug|Any CPU
		{9FA0E9CD-76B3-472B-AEED-E27C7282E258}.Debug|Any CPU.Build.0 = Debug|Any CPU
		{9FA0E9CD-76B3-472B-AEED-E27C7282E258}.Release|Any CPU.ActiveCfg = Release|Any CPU
		{9FA0E9CD-76B3-472B-AEED-E27C7282E258}.Release|Any CPU.Build.0 = Release|Any CPU
		{65F69E36-9A88-46E7-A140-953D2AD8E3EC}.Debug|Any CPU.ActiveCfg = Debug|Any CPU
		{65F69E36-9A88-46E7-A140-953D2AD8E3EC}.Debug|Any CPU.Build.0 = Debug|Any CPU
		{65F69E36-9A88-46E7-A140-953D2AD8E3EC}.Release|Any CPU.ActiveCfg = Release|Any CPU
		{65F69E36-9A88-46E7-A140-953D2AD8E3EC}.Release|Any CPU.Build.0 = Release|Any CPU
	EndGlobalSection
	GlobalSection(SolutionProperties) = preSolution
		HideSolutionNode = FALSE
	EndGlobalSection
	GlobalSection(NestedProjects) = preSolution
		{D89C6517-0CF7-4615-ABE0-8AD9B23632D9} = {2B14D8C2-4E01-4598-BA8F-AD40D4BE8875}
		{AF212601-C84D-4A6A-A4CB-59D373B5F261} = {7E7D83BC-80A4-4E18-BB8A-8751C4963DDF}
		{65F69E36-9A88-46E7-A140-953D2AD8E3EC} = {892A2301-B52C-4DF4-AAFE-000CCAE08E24}
	EndGlobalSection
	GlobalSection(ExtensibilityGlobals) = postSolution
		SolutionGuid = {8573A7C9-8CD3-47D7-8579-3F1E714AE278}
	EndGlobalSection
EndGlobal
